
Microsoft Visual Studio Solution File, Format Version 12.00
# Visual Studio Version 16
VisualStudioVersion = 16.0.29709.97
MinimumVisualStudioVersion = 10.0.40219.1
Project("{FAE04EC0-301F-11D3-BF4B-00C04F79EFBC}") = "ServerSocket", "ConsoleApp2\ServerSocket.csproj", "{FC773F44-6D94-4F53-B32E-BF924F10073C}"
EndProject
Project("{FAE04EC0-301F-11D3-BF4B-00C04F79EFBC}") = "ClientSocket", "ClientSocket\ClientSocket.csproj", "{3C0CB80D-A917-4975-BC3C-B14037438FB0}"
EndProject
Project("{FAE04EC0-301F-11D3-BF4B-00C04F79EFBC}") = "SynchronousClient", "SynchronousClient\SynchronousClient.csproj", "{487835B7-2AEE-42C5-871A-53362C9A449D}"
EndProject
Project("{FAE04EC0-301F-11D3-BF4B-00C04F79EFBC}") = "SynchronousServer", "SynchronousServer\SynchronousServer.csproj", "{067DFE81-18FE-4969-B15B-E0BD17A5C62F}"
EndProject
Global
	GlobalSection(SolutionConfigurationPlatforms) = preSolution
		Debug|Any CPU = Debug|Any CPU
		Release|Any CPU = Release|Any CPU
	EndGlobalSection
	GlobalSection(ProjectConfigurationPlatforms) = postSolution
		{FC773F44-6D94-4F53-B32E-BF924F10073C}.Debug|Any CPU.ActiveCfg = Debug|Any CPU
		{FC773F44-6D94-4F53-B32E-BF924F10073C}.Debug|Any CPU.Build.0 = Debug|Any CPU
		{FC773F44-6D94-4F53-B32E-BF924F10073C}.Release|Any CPU.ActiveCfg = Release|Any CPU
		{FC773F44-6D94-4F53-B32E-BF924F10073C}.Release|Any CPU.Build.0 = Release|Any CPU
		{3C0CB80D-A917-4975-BC3C-B14037438FB0}.Debug|Any CPU.ActiveCfg = Debug|Any CPU
		{3C0CB80D-A917-4975-BC3C-B14037438FB0}.Debug|Any CPU.Build.0 = Debug|Any CPU
		{3C0CB80D-A917-4975-BC3C-B14037438FB0}.Release|Any CPU.ActiveCfg = Release|Any CPU
		{3C0CB80D-A917-4975-BC3C-B14037438FB0}.Release|Any CPU.Build.0 = Release|Any CPU
		{487835B7-2AEE-42C5-871A-53362C9A449D}.Debug|Any CPU.ActiveCfg = Debug|Any CPU
		{487835B7-2AEE-42C5-871A-53362C9A449D}.Debug|Any CPU.Build.0 = Debug|Any CPU
		{487835B7-2AEE-42C5-871A-53362C9A449D}.Release|Any CPU.ActiveCfg = Release|Any CPU
		{487835B7-2AEE-42C5-871A-53362C9A449D}.Release|Any CPU.Build.0 = Release|Any CPU
		{067DFE81-18FE-4969-B15B-E0BD17A5C62F}.Debug|Any CPU.ActiveCfg = Debug|Any CPU
		{067DFE81-18FE-4969-B15B-E0BD17A5C62F}.Debug|Any CPU.Build.0 = Debug|Any CPU
		{067DFE81-18FE-4969-B15B-E0BD17A5C62F}.Release|Any CPU.ActiveCfg = Release|Any CPU
		{067DFE81-18FE-4969-B15B-E0BD17A5C62F}.Release|Any CPU.Build.0 = Release|Any CPU
	EndGlobalSection
	GlobalSection(SolutionProperties) = preSolution
		HideSolutionNode = FALSE
	EndGlobalSection
	GlobalSection(ExtensibilityGlobals) = postSolution
		SolutionGuid = {F9484BF9-5FCA-4221-B0B1-1CBD5B74B8FA}
	EndGlobalSection
EndGlobal
